
Microsoft Visual Studio Solution File, Format Version 12.00
# Visual Studio Version 17
VisualStudioVersion = 17.0.31903.59
MinimumVisualStudioVersion = 10.0.40219.1
Project("{2150E333-8FDC-42A3-9474-1A3956D46DE8}") = "src", "src", "{49CED84E-3F27-4A91-BE65-B194ACE0CEEB}"
EndProject
Project("{FAE04EC0-301F-11D3-BF4B-00C04F79EFBC}") = "Infrastructure", "src\Infrastructure\Infrastructure.csproj", "{77A323CF-C9A6-4010-B961-93C1522DC3D6}"
EndProject
Project("{2150E333-8FDC-42A3-9474-1A3956D46DE8}") = "test", "test", "{964CF46D-2504-4061-9FE8-B194F48E1EDD}"
EndProject
Project("{FAE04EC0-301F-11D3-BF4B-00C04F79EFBC}") = "Infrastructure.Tests", "test\Infrastructure.Tests\Infrastructure.Tests.csproj", "{7C1F8F09-3D2C-4F7A-AC10-96E7437F5EA2}"
EndProject
Project("{FAE04EC0-301F-11D3-BF4B-00C04F79EFBC}") = "ConsoleHost", "src\ConsoleHost\ConsoleHost.csproj", "{B6A1B3D7-D9D4-4557-A9EA-6F29CAAE9588}"
EndProject
Project("{FAE04EC0-301F-11D3-BF4B-00C04F79EFBC}") = "Infrastructure.Sql", "src\Infrastructure.Sql\Infrastructure.Sql.csproj", "{B8B66547-FB13-4C27-9649-AD6769FC4229}"
EndProject
Project("{2150E333-8FDC-42A3-9474-1A3956D46DE8}") = "tools", "tools", "{D4C07BF9-BBFB-446B-B2DD-2EF772CBD2FD}"
EndProject
Project("{FAE04EC0-301F-11D3-BF4B-00C04F79EFBC}") = "SourceCodeConcatenator", "SourceCodeConcatenator\SourceCodeConcatenator.csproj", "{FDDFC72B-7F16-4C9D-9DD2-2800965552D4}"
EndProject
Global
	GlobalSection(SolutionConfigurationPlatforms) = preSolution
		Debug|Any CPU = Debug|Any CPU
		Release|Any CPU = Release|Any CPU
	EndGlobalSection
	GlobalSection(ProjectConfigurationPlatforms) = postSolution
		{77A323CF-C9A6-4010-B961-93C1522DC3D6}.Debug|Any CPU.ActiveCfg = Debug|Any CPU
		{77A323CF-C9A6-4010-B961-93C1522DC3D6}.Debug|Any CPU.Build.0 = Debug|Any CPU
		{77A323CF-C9A6-4010-B961-93C1522DC3D6}.Release|Any CPU.ActiveCfg = Release|Any CPU
		{77A323CF-C9A6-4010-B961-93C1522DC3D6}.Release|Any CPU.Build.0 = Release|Any CPU
		{7C1F8F09-3D2C-4F7A-AC10-96E7437F5EA2}.Debug|Any CPU.ActiveCfg = Debug|Any CPU
		{7C1F8F09-3D2C-4F7A-AC10-96E7437F5EA2}.Debug|Any CPU.Build.0 = Debug|Any CPU
		{7C1F8F09-3D2C-4F7A-AC10-96E7437F5EA2}.Release|Any CPU.ActiveCfg = Release|Any CPU
		{7C1F8F09-3D2C-4F7A-AC10-96E7437F5EA2}.Release|Any CPU.Build.0 = Release|Any CPU
		{B6A1B3D7-D9D4-4557-A9EA-6F29CAAE9588}.Debug|Any CPU.ActiveCfg = Debug|Any CPU
		{B6A1B3D7-D9D4-4557-A9EA-6F29CAAE9588}.Debug|Any CPU.Build.0 = Debug|Any CPU
		{B6A1B3D7-D9D4-4557-A9EA-6F29CAAE9588}.Release|Any CPU.ActiveCfg = Release|Any CPU
		{B6A1B3D7-D9D4-4557-A9EA-6F29CAAE9588}.Release|Any CPU.Build.0 = Release|Any CPU
		{B8B66547-FB13-4C27-9649-AD6769FC4229}.Debug|Any CPU.ActiveCfg = Debug|Any CPU
		{B8B66547-FB13-4C27-9649-AD6769FC4229}.Debug|Any CPU.Build.0 = Debug|Any CPU
		{B8B66547-FB13-4C27-9649-AD6769FC4229}.Release|Any CPU.ActiveCfg = Release|Any CPU
		{B8B66547-FB13-4C27-9649-AD6769FC4229}.Release|Any CPU.Build.0 = Release|Any CPU
		{FDDFC72B-7F16-4C9D-9DD2-2800965552D4}.Debug|Any CPU.ActiveCfg = Debug|Any CPU
		{FDDFC72B-7F16-4C9D-9DD2-2800965552D4}.Debug|Any CPU.Build.0 = Debug|Any CPU
		{FDDFC72B-7F16-4C9D-9DD2-2800965552D4}.Release|Any CPU.ActiveCfg = Release|Any CPU
		{FDDFC72B-7F16-4C9D-9DD2-2800965552D4}.Release|Any CPU.Build.0 = Release|Any CPU
	EndGlobalSection
	GlobalSection(SolutionProperties) = preSolution
		HideSolutionNode = FALSE
	EndGlobalSection
	GlobalSection(NestedProjects) = preSolution
		{77A323CF-C9A6-4010-B961-93C1522DC3D6} = {49CED84E-3F27-4A91-BE65-B194ACE0CEEB}
		{7C1F8F09-3D2C-4F7A-AC10-96E7437F5EA2} = {964CF46D-2504-4061-9FE8-B194F48E1EDD}
		{B6A1B3D7-D9D4-4557-A9EA-6F29CAAE9588} = {49CED84E-3F27-4A91-BE65-B194ACE0CEEB}
		{B8B66547-FB13-4C27-9649-AD6769FC4229} = {49CED84E-3F27-4A91-BE65-B194ACE0CEEB}
		{FDDFC72B-7F16-4C9D-9DD2-2800965552D4} = {D4C07BF9-BBFB-446B-B2DD-2EF772CBD2FD}
	EndGlobalSection
EndGlobal
