
Microsoft Visual Studio Solution File, Format Version 12.00
# Visual Studio Version 17
VisualStudioVersion = 17.0.31903.59
MinimumVisualStudioVersion = 10.0.40219.1
Project("{2150E333-8FDC-42A3-9474-1A3956D46DE8}") = "src", "src", "{49CED84E-3F27-4A91-BE65-B194ACE0CEEB}"
EndProject
Project("{2150E333-8FDC-42A3-9474-1A3956D46DE8}") = "test", "test", "{964CF46D-2504-4061-9FE8-B194F48E1EDD}"
EndProject
Project("{2150E333-8FDC-42A3-9474-1A3956D46DE8}") = "tools", "tools", "{D4C07BF9-BBFB-446B-B2DD-2EF772CBD2FD}"
EndProject
Project("{FAE04EC0-301F-11D3-BF4B-00C04F79EFBC}") = "SourceCodeConcatenator", "tools\SourceCodeConcatenator\SourceCodeConcatenator.csproj", "{80B6310E-9CFA-4309-9BF2-28B0299056E4}"
EndProject
Project("{FAE04EC0-301F-11D3-BF4B-00C04F79EFBC}") = "EasyP2P.Web", "src\EasyP2P.Web\EasyP2P.Web.csproj", "{C5FC93A3-013F-485A-82D9-6D1CCEF7903A}"
EndProject
Project("{FAE04EC0-301F-11D3-BF4B-00C04F79EFBC}") = "EasyP2P.Web.Tests", "test\EasyP2P.Web.Tests\EasyP2P.Web.Tests.csproj", "{676F3605-98E9-44DF-AB68-B6F14CF9006E}"
EndProject
Global
	GlobalSection(SolutionConfigurationPlatforms) = preSolution
		Debug|Any CPU = Debug|Any CPU
		Release|Any CPU = Release|Any CPU
	EndGlobalSection
	GlobalSection(ProjectConfigurationPlatforms) = postSolution
		{80B6310E-9CFA-4309-9BF2-28B0299056E4}.Debug|Any CPU.ActiveCfg = Debug|Any CPU
		{80B6310E-9CFA-4309-9BF2-28B0299056E4}.Debug|Any CPU.Build.0 = Debug|Any CPU
		{80B6310E-9CFA-4309-9BF2-28B0299056E4}.Release|Any CPU.ActiveCfg = Release|Any CPU
		{80B6310E-9CFA-4309-9BF2-28B0299056E4}.Release|Any CPU.Build.0 = Release|Any CPU
		{C5FC93A3-013F-485A-82D9-6D1CCEF7903A}.Debug|Any CPU.ActiveCfg = Debug|Any CPU
		{C5FC93A3-013F-485A-82D9-6D1CCEF7903A}.Debug|Any CPU.Build.0 = Debug|Any CPU
		{C5FC93A3-013F-485A-82D9-6D1CCEF7903A}.Release|Any CPU.ActiveCfg = Release|Any CPU
		{C5FC93A3-013F-485A-82D9-6D1CCEF7903A}.Release|Any CPU.Build.0 = Release|Any CPU
		{676F3605-98E9-44DF-AB68-B6F14CF9006E}.Debug|Any CPU.ActiveCfg = Debug|Any CPU
		{676F3605-98E9-44DF-AB68-B6F14CF9006E}.Debug|Any CPU.Build.0 = Debug|Any CPU
		{676F3605-98E9-44DF-AB68-B6F14CF9006E}.Release|Any CPU.ActiveCfg = Release|Any CPU
		{676F3605-98E9-44DF-AB68-B6F14CF9006E}.Release|Any CPU.Build.0 = Release|Any CPU
	EndGlobalSection
	GlobalSection(SolutionProperties) = preSolution
		HideSolutionNode = FALSE
	EndGlobalSection
	GlobalSection(NestedProjects) = preSolution
		{80B6310E-9CFA-4309-9BF2-28B0299056E4} = {D4C07BF9-BBFB-446B-B2DD-2EF772CBD2FD}
		{C5FC93A3-013F-485A-82D9-6D1CCEF7903A} = {49CED84E-3F27-4A91-BE65-B194ACE0CEEB}
		{676F3605-98E9-44DF-AB68-B6F14CF9006E} = {964CF46D-2504-4061-9FE8-B194F48E1EDD}
	EndGlobalSection
EndGlobal
